{
  "nodes": {
    "caelestia-shell": {
      "inputs": {
        "caelestia-cli": [],
        "nixpkgs": [
          "nixpkgs"
        ],
        "quickshell": "quickshell"
      },
      "locked": {
        "lastModified": 1757754424,
        "narHash": "sha256-JwYH6xHon5xzpve9cZl1g5QZV1SKhZU5ejr05JtPC14=",
        "owner": "caelestia-dots",
        "repo": "shell",
        "rev": "252f19ec0ec902c1fbb650260b29f1e63fc55867",
        "type": "github"
      },
      "original": {
        "owner": "caelestia-dots",
        "repo": "shell",
        "type": "github"
      }
    },
    "nixpkgs": {
      "locked": {
        "lastModified": 1757745802,
        "narHash": "sha256-hLEO2TPj55KcUFUU1vgtHE9UEIOjRcH/4QbmfHNF820=",
        "owner": "nixos",
        "repo": "nixpkgs",
        "rev": "c23193b943c6c689d70ee98ce3128239ed9e32d1",
        "type": "github"
      },
      "original": {
        "owner": "nixos",
        "ref": "nixos-unstable",
        "repo": "nixpkgs",
        "type": "github"
      }
    },
    "quickshell": {
      "inputs": {
        "nixpkgs": [
          "caelestia-shell",
          "nixpkgs"
        ]
      },
      "locked": {
        "lastModified": 1756981260,
        "narHash": "sha256-GhuD9QVimjynHI0OOyZsqJsnlXr2orowh9H+HYz4YMs=",
        "ref": "refs/heads/master",
        "rev": "6eb12551baf924f8fdecdd04113863a754259c34",
        "revCount": 672,
        "type": "git",
        "url": "https://git.outfoxxed.me/outfoxxed/quickshell"
      },
      "original": {
        "type": "git",
        "url": "https://git.outfoxxed.me/outfoxxed/quickshell"
      }
    },
    "root": {
      "inputs": {
        "caelestia-shell": "caelestia-shell",
        "nixpkgs": "nixpkgs"
      }
    }
  },
  "root": "root",
  "version": 7
}
